
Microsoft Visual Studio Solution File, Format Version 12.00
# Visual Studio Version 17
VisualStudioVersion = 17.5.002.0
MinimumVisualStudioVersion = 10.0.40219.1
Project("{9A19103F-16F7-4668-BE54-9A1E7A4F7556}") = "foglalasok", "foglalasok.csproj", "{18DA3F78-9E37-4546-986D-CD37124E235A}"
EndProject
Global
	GlobalSection(SolutionConfigurationPlatforms) = preSolution
		Debug|Any CPU = Debug|Any CPU
		Release|Any CPU = Release|Any CPU
	EndGlobalSection
	GlobalSection(ProjectConfigurationPlatforms) = postSolution
		{18DA3F78-9E37-4546-986D-CD37124E235A}.Debug|Any CPU.ActiveCfg = Debug|Any CPU
		{18DA3F78-9E37-4546-986D-CD37124E235A}.Debug|Any CPU.Build.0 = Debug|Any CPU
		{18DA3F78-9E37-4546-986D-CD37124E235A}.Release|Any CPU.ActiveCfg = Release|Any CPU
		{18DA3F78-9E37-4546-986D-CD37124E235A}.Release|Any CPU.Build.0 = Release|Any CPU
	EndGlobalSection
	GlobalSection(SolutionProperties) = preSolution
		HideSolutionNode = FALSE
	EndGlobalSection
	GlobalSection(ExtensibilityGlobals) = postSolution
		SolutionGuid = {983AEACF-D5E1-4F8F-99E2-4BC0DD77A960}
	EndGlobalSection
EndGlobal
